
Microsoft Visual Studio Solution File, Format Version 12.00
# Visual Studio Version 17
VisualStudioVersion = 17.1.32421.90
MinimumVisualStudioVersion = 10.0.40219.1
Project("{FAE04EC0-301F-11D3-BF4B-00C04F79EFBC}") = "Ejemplos", "Ejemplos\Ejemplos.csproj", "{1DF30BAD-E0A9-41B3-8C0F-CA6BF9B43917}"
EndProject
Global
	GlobalSection(SolutionConfigurationPlatforms) = preSolution
		Debug|Any CPU = Debug|Any CPU
		Release|Any CPU = Release|Any CPU
	EndGlobalSection
	GlobalSection(ProjectConfigurationPlatforms) = postSolution
		{1DF30BAD-E0A9-41B3-8C0F-CA6BF9B43917}.Debug|Any CPU.ActiveCfg = Debug|Any CPU
		{1DF30BAD-E0A9-41B3-8C0F-CA6BF9B43917}.Debug|Any CPU.Build.0 = Debug|Any CPU
		{1DF30BAD-E0A9-41B3-8C0F-CA6BF9B43917}.Release|Any CPU.ActiveCfg = Release|Any CPU
		{1DF30BAD-E0A9-41B3-8C0F-CA6BF9B43917}.Release|Any CPU.Build.0 = Release|Any CPU
	EndGlobalSection
	GlobalSection(SolutionProperties) = preSolution
		HideSolutionNode = FALSE
	EndGlobalSection
	GlobalSection(ExtensibilityGlobals) = postSolution
		SolutionGuid = {D1C39AEA-1E6A-471E-A93B-382F1E21C1A8}
	EndGlobalSection
EndGlobal
